
Microsoft Visual Studio Solution File, Format Version 12.00
# Visual Studio Version 17
VisualStudioVersion = 17.0.31903.59
MinimumVisualStudioVersion = 10.0.40219.1
Project("{2150E333-8FDC-42A3-9474-1A3956D46DE8}") = "framework", "framework", "{B3431634-E26C-4B23-8CF1-873818125D7B}"
EndProject
Project("{9A19103F-16F7-4668-BE54-9A1E7A4F7556}") = "Charisma.Framework.Application", "..\..\Framework\src\Charisma.Framework.Application\Charisma.Framework.Application.csproj", "{4B558348-3119-4A2B-987A-6FF4DD19208A}"
EndProject
Project("{9A19103F-16F7-4668-BE54-9A1E7A4F7556}") = "Charisma.Framework.Application.Configurations", "..\..\Framework\src\Charisma.Framework.Application.Configurations\Charisma.Framework.Application.Configurations.csproj", "{97435E0B-12AA-4C9F-8DF6-3E1A116F6EF8}"
EndProject
Project("{9A19103F-16F7-4668-BE54-9A1E7A4F7556}") = "Charisma.Framework.Base", "..\..\Framework\src\Charisma.Framework.Domain\Charisma.Framework.Base\Charisma.Framework.Base.csproj", "{E5AC43D8-192D-4255-825B-2781A1F16ED0}"
EndProject
Project("{9A19103F-16F7-4668-BE54-9A1E7A4F7556}") = "Charisma.Framework.Domain", "..\..\Framework\src\Charisma.Framework.Domain\Charisma.Framework.Domain\Charisma.Framework.Domain.csproj", "{A6994614-5884-4615-A722-DD8739FF2D8C}"
EndProject
Project("{9A19103F-16F7-4668-BE54-9A1E7A4F7556}") = "Charisma.Framework.Domain.Configurations", "..\..\Framework\src\Charisma.Framework.Domain.Configurations\Charisma.Framework.Domain.Configurations.csproj", "{2D60DD0F-C912-43E5-BBC1-48E605540A08}"
EndProject
Project("{2150E333-8FDC-42A3-9474-1A3956D46DE8}") = "src", "src", "{AD5DA646-3F79-466C-B8EB-3CE3D3B4ED89}"
EndProject
Project("{2150E333-8FDC-42A3-9474-1A3956D46DE8}") = "test", "test", "{87347A03-BB07-449D-8E81-5633C729EFAC}"
EndProject
Project("{2150E333-8FDC-42A3-9474-1A3956D46DE8}") = "Domain", "Domain", "{399B5124-E430-4FB0-9EFE-1DC1C88AEAAA}"
EndProject
Project("{2150E333-8FDC-42A3-9474-1A3956D46DE8}") = "Application", "Application", "{636BB391-EDC3-4C37-9691-52341A028B50}"
EndProject
Project("{2150E333-8FDC-42A3-9474-1A3956D46DE8}") = "Infrastructure", "Infrastructure", "{07370F15-745A-4C78-AAE6-0AC978C9FD9C}"
EndProject
Project("{2150E333-8FDC-42A3-9474-1A3956D46DE8}") = "Presentation", "Presentation", "{493DA2C0-4C9B-4E9C-AE0A-E91D5322C223}"
EndProject
Project("{FAE04EC0-301F-11D3-BF4B-00C04F79EFBC}") = "Charisma.Pricing.Domain", "Charisma.Pricing.Domain\Charisma.Pricing.Domain.csproj", "{1EBC0939-BBE8-48C3-AC20-092C010C7281}"
EndProject
Project("{FAE04EC0-301F-11D3-BF4B-00C04F79EFBC}") = "Charisma.Pricing.Infra.Persistence.SQlEF", "Charisma.Pricing.Infra.Persistence.SQlEF\Charisma.Pricing.Infra.Persistence.SQlEF.csproj", "{E0B81D61-EB3D-4F07-B0E7-0F1C6CAB77F8}"
EndProject
Project("{FAE04EC0-301F-11D3-BF4B-00C04F79EFBC}") = "Host", "Host\Host.csproj", "{14197BCA-512B-4DF9-B6D1-519C80F4DD36}"
EndProject
Project("{FAE04EC0-301F-11D3-BF4B-00C04F79EFBC}") = "Charisma.Presentaions.WebAPI", "Charisma.Presentaions.WebAPI\Charisma.Presentaions.WebAPI.csproj", "{C759E6A2-EA8A-47BC-90EE-2F41D8DE2221}"
EndProject
Project("{FAE04EC0-301F-11D3-BF4B-00C04F79EFBC}") = "Charisma.Pricing.Application", "Charisma.Pricing.Application\Charisma.Pricing.Application.csproj", "{F83D0649-413F-401A-94A1-1EE2866EE65A}"
EndProject
Project("{FAE04EC0-301F-11D3-BF4B-00C04F79EFBC}") = "PricingConfig", "PricingConfig\PricingConfig.csproj", "{86B73DA2-E92D-42B6-89E2-7FE5A00A5ADA}"
EndProject
Project("{FAE04EC0-301F-11D3-BF4B-00C04F79EFBC}") = "Charisma.Pricing.Application.Contracts", "Charisma.Pricing.Application.Contracts\Charisma.Pricing.Application.Contracts.csproj", "{B17C01F9-C453-40F8-8B65-FD255E49B937}"
EndProject
Global
	GlobalSection(SolutionConfigurationPlatforms) = preSolution
		Debug|Any CPU = Debug|Any CPU
		Release|Any CPU = Release|Any CPU
	EndGlobalSection
	GlobalSection(ProjectConfigurationPlatforms) = postSolution
		{4B558348-3119-4A2B-987A-6FF4DD19208A}.Debug|Any CPU.ActiveCfg = Debug|Any CPU
		{4B558348-3119-4A2B-987A-6FF4DD19208A}.Debug|Any CPU.Build.0 = Debug|Any CPU
		{4B558348-3119-4A2B-987A-6FF4DD19208A}.Release|Any CPU.ActiveCfg = Release|Any CPU
		{4B558348-3119-4A2B-987A-6FF4DD19208A}.Release|Any CPU.Build.0 = Release|Any CPU
		{97435E0B-12AA-4C9F-8DF6-3E1A116F6EF8}.Debug|Any CPU.ActiveCfg = Debug|Any CPU
		{97435E0B-12AA-4C9F-8DF6-3E1A116F6EF8}.Debug|Any CPU.Build.0 = Debug|Any CPU
		{97435E0B-12AA-4C9F-8DF6-3E1A116F6EF8}.Release|Any CPU.ActiveCfg = Release|Any CPU
		{97435E0B-12AA-4C9F-8DF6-3E1A116F6EF8}.Release|Any CPU.Build.0 = Release|Any CPU
		{E5AC43D8-192D-4255-825B-2781A1F16ED0}.Debug|Any CPU.ActiveCfg = Debug|Any CPU
		{E5AC43D8-192D-4255-825B-2781A1F16ED0}.Debug|Any CPU.Build.0 = Debug|Any CPU
		{E5AC43D8-192D-4255-825B-2781A1F16ED0}.Release|Any CPU.ActiveCfg = Release|Any CPU
		{E5AC43D8-192D-4255-825B-2781A1F16ED0}.Release|Any CPU.Build.0 = Release|Any CPU
		{A6994614-5884-4615-A722-DD8739FF2D8C}.Debug|Any CPU.ActiveCfg = Debug|Any CPU
		{A6994614-5884-4615-A722-DD8739FF2D8C}.Debug|Any CPU.Build.0 = Debug|Any CPU
		{A6994614-5884-4615-A722-DD8739FF2D8C}.Release|Any CPU.ActiveCfg = Release|Any CPU
		{A6994614-5884-4615-A722-DD8739FF2D8C}.Release|Any CPU.Build.0 = Release|Any CPU
		{2D60DD0F-C912-43E5-BBC1-48E605540A08}.Debug|Any CPU.ActiveCfg = Debug|Any CPU
		{2D60DD0F-C912-43E5-BBC1-48E605540A08}.Debug|Any CPU.Build.0 = Debug|Any CPU
		{2D60DD0F-C912-43E5-BBC1-48E605540A08}.Release|Any CPU.ActiveCfg = Release|Any CPU
		{2D60DD0F-C912-43E5-BBC1-48E605540A08}.Release|Any CPU.Build.0 = Release|Any CPU
		{1EBC0939-BBE8-48C3-AC20-092C010C7281}.Debug|Any CPU.ActiveCfg = Debug|Any CPU
		{1EBC0939-BBE8-48C3-AC20-092C010C7281}.Debug|Any CPU.Build.0 = Debug|Any CPU
		{1EBC0939-BBE8-48C3-AC20-092C010C7281}.Release|Any CPU.ActiveCfg = Release|Any CPU
		{1EBC0939-BBE8-48C3-AC20-092C010C7281}.Release|Any CPU.Build.0 = Release|Any CPU
		{E0B81D61-EB3D-4F07-B0E7-0F1C6CAB77F8}.Debug|Any CPU.ActiveCfg = Debug|Any CPU
		{E0B81D61-EB3D-4F07-B0E7-0F1C6CAB77F8}.Debug|Any CPU.Build.0 = Debug|Any CPU
		{E0B81D61-EB3D-4F07-B0E7-0F1C6CAB77F8}.Release|Any CPU.ActiveCfg = Release|Any CPU
		{E0B81D61-EB3D-4F07-B0E7-0F1C6CAB77F8}.Release|Any CPU.Build.0 = Release|Any CPU
		{14197BCA-512B-4DF9-B6D1-519C80F4DD36}.Debug|Any CPU.ActiveCfg = Debug|Any CPU
		{14197BCA-512B-4DF9-B6D1-519C80F4DD36}.Debug|Any CPU.Build.0 = Debug|Any CPU
		{14197BCA-512B-4DF9-B6D1-519C80F4DD36}.Release|Any CPU.ActiveCfg = Release|Any CPU
		{14197BCA-512B-4DF9-B6D1-519C80F4DD36}.Release|Any CPU.Build.0 = Release|Any CPU
		{C759E6A2-EA8A-47BC-90EE-2F41D8DE2221}.Debug|Any CPU.ActiveCfg = Debug|Any CPU
		{C759E6A2-EA8A-47BC-90EE-2F41D8DE2221}.Debug|Any CPU.Build.0 = Debug|Any CPU
		{C759E6A2-EA8A-47BC-90EE-2F41D8DE2221}.Release|Any CPU.ActiveCfg = Release|Any CPU
		{C759E6A2-EA8A-47BC-90EE-2F41D8DE2221}.Release|Any CPU.Build.0 = Release|Any CPU
		{F83D0649-413F-401A-94A1-1EE2866EE65A}.Debug|Any CPU.ActiveCfg = Debug|Any CPU
		{F83D0649-413F-401A-94A1-1EE2866EE65A}.Debug|Any CPU.Build.0 = Debug|Any CPU
		{F83D0649-413F-401A-94A1-1EE2866EE65A}.Release|Any CPU.ActiveCfg = Release|Any CPU
		{F83D0649-413F-401A-94A1-1EE2866EE65A}.Release|Any CPU.Build.0 = Release|Any CPU
		{86B73DA2-E92D-42B6-89E2-7FE5A00A5ADA}.Debug|Any CPU.ActiveCfg = Debug|Any CPU
		{86B73DA2-E92D-42B6-89E2-7FE5A00A5ADA}.Debug|Any CPU.Build.0 = Debug|Any CPU
		{86B73DA2-E92D-42B6-89E2-7FE5A00A5ADA}.Release|Any CPU.ActiveCfg = Release|Any CPU
		{86B73DA2-E92D-42B6-89E2-7FE5A00A5ADA}.Release|Any CPU.Build.0 = Release|Any CPU
		{B17C01F9-C453-40F8-8B65-FD255E49B937}.Debug|Any CPU.ActiveCfg = Debug|Any CPU
		{B17C01F9-C453-40F8-8B65-FD255E49B937}.Debug|Any CPU.Build.0 = Debug|Any CPU
		{B17C01F9-C453-40F8-8B65-FD255E49B937}.Release|Any CPU.ActiveCfg = Release|Any CPU
		{B17C01F9-C453-40F8-8B65-FD255E49B937}.Release|Any CPU.Build.0 = Release|Any CPU
	EndGlobalSection
	GlobalSection(SolutionProperties) = preSolution
		HideSolutionNode = FALSE
	EndGlobalSection
	GlobalSection(NestedProjects) = preSolution
		{4B558348-3119-4A2B-987A-6FF4DD19208A} = {B3431634-E26C-4B23-8CF1-873818125D7B}
		{97435E0B-12AA-4C9F-8DF6-3E1A116F6EF8} = {B3431634-E26C-4B23-8CF1-873818125D7B}
		{E5AC43D8-192D-4255-825B-2781A1F16ED0} = {B3431634-E26C-4B23-8CF1-873818125D7B}
		{A6994614-5884-4615-A722-DD8739FF2D8C} = {B3431634-E26C-4B23-8CF1-873818125D7B}
		{2D60DD0F-C912-43E5-BBC1-48E605540A08} = {B3431634-E26C-4B23-8CF1-873818125D7B}
		{399B5124-E430-4FB0-9EFE-1DC1C88AEAAA} = {AD5DA646-3F79-466C-B8EB-3CE3D3B4ED89}
		{636BB391-EDC3-4C37-9691-52341A028B50} = {AD5DA646-3F79-466C-B8EB-3CE3D3B4ED89}
		{07370F15-745A-4C78-AAE6-0AC978C9FD9C} = {AD5DA646-3F79-466C-B8EB-3CE3D3B4ED89}
		{493DA2C0-4C9B-4E9C-AE0A-E91D5322C223} = {AD5DA646-3F79-466C-B8EB-3CE3D3B4ED89}
		{1EBC0939-BBE8-48C3-AC20-092C010C7281} = {399B5124-E430-4FB0-9EFE-1DC1C88AEAAA}
		{E0B81D61-EB3D-4F07-B0E7-0F1C6CAB77F8} = {07370F15-745A-4C78-AAE6-0AC978C9FD9C}
		{14197BCA-512B-4DF9-B6D1-519C80F4DD36} = {AD5DA646-3F79-466C-B8EB-3CE3D3B4ED89}
		{C759E6A2-EA8A-47BC-90EE-2F41D8DE2221} = {493DA2C0-4C9B-4E9C-AE0A-E91D5322C223}
		{F83D0649-413F-401A-94A1-1EE2866EE65A} = {636BB391-EDC3-4C37-9691-52341A028B50}
		{86B73DA2-E92D-42B6-89E2-7FE5A00A5ADA} = {AD5DA646-3F79-466C-B8EB-3CE3D3B4ED89}
		{B17C01F9-C453-40F8-8B65-FD255E49B937} = {636BB391-EDC3-4C37-9691-52341A028B50}
	EndGlobalSection
	GlobalSection(ExtensibilityGlobals) = postSolution
		SolutionGuid = {30A97638-A4C2-4E3C-AC16-99436EE86790}
	EndGlobalSection
EndGlobal
